
Microsoft Visual Studio Solution File, Format Version 12.00
# Visual Studio Version 16
VisualStudioVersion = 16.0.31624.102
MinimumVisualStudioVersion = 10.0.40219.1
Project("{FAE04EC0-301F-11D3-BF4B-00C04F79EFBC}") = "Todo_GUI_Test", "Todo_GUI_Test\Todo_GUI_Test.csproj", "{1EDECD42-F064-4CA7-A10B-C1234D186A28}"
EndProject
Global
	GlobalSection(SolutionConfigurationPlatforms) = preSolution
		Debug|Any CPU = Debug|Any CPU
		Release|Any CPU = Release|Any CPU
	EndGlobalSection
	GlobalSection(ProjectConfigurationPlatforms) = postSolution
		{1EDECD42-F064-4CA7-A10B-C1234D186A28}.Debug|Any CPU.ActiveCfg = Debug|Any CPU
		{1EDECD42-F064-4CA7-A10B-C1234D186A28}.Debug|Any CPU.Build.0 = Debug|Any CPU
		{1EDECD42-F064-4CA7-A10B-C1234D186A28}.Release|Any CPU.ActiveCfg = Release|Any CPU
		{1EDECD42-F064-4CA7-A10B-C1234D186A28}.Release|Any CPU.Build.0 = Release|Any CPU
	EndGlobalSection
	GlobalSection(SolutionProperties) = preSolution
		HideSolutionNode = FALSE
	EndGlobalSection
	GlobalSection(ExtensibilityGlobals) = postSolution
		SolutionGuid = {0534596E-F51E-49CE-94BF-906605480F0D}
	EndGlobalSection
EndGlobal
